{
	"name": "rcasm-lsp-server",
	"version": "1.0.0",
	"lockfileVersion": 3,
	"requires": true,
	"packages": {
		"": {
			"name": "rcasm-lsp-server",
			"version": "1.0.0",
			"license": "MIT",
			"dependencies": {
				"@paul80nd/rcasm": "1.20.2",
				"vscode-languageserver": "^10.0.1",
				"vscode-languageserver-textdocument": "^1.0.13",
				"vscode-uri": "^3.0.3"
			},
			"engines": {
				"node": ">=20"
			}
		},
		"node_modules/@paul80nd/rcasm": {
			"version": "1.20.2",
			"resolved": "https://npm.pkg.github.com/download/@paul80nd/rcasm/1.20.2/1b0836dbe2aa9b5c3300f0012d5d4473e22c97e3",
			"integrity": "sha512-2K+DD3OaIvd68Pugulgc97pNt+ZXqP+wM54EELdqazToZhKmgiBChh/u2XEHPHV3XCqoZuZ7heZ1lVWZMEFE5g==",
			"license": "MIT",
			"dependencies": {
				"typedfastbitset": "^0.8.0"
			},
			"engines": {
				"node": ">=20"
			}
		},
		"node_modules/typedfastbitset": {
			"version": "0.8.0",
			"resolved": "https://registry.npmjs.org/typedfastbitset/-/typedfastbitset-0.8.0.tgz",
			"integrity": "sha512-GLGi9mkz4iQEzfujD6qFeu2G5HlPyevAPQfyo48zGDsF7BATg9HEcXqIwZg/HbM7RTN/96SppVGk3DtSFumo4w==",
			"license": "Apache-2.0"
		},
		"node_modules/vscode-jsonrpc": {
			"version": "9.0.0",
			"resolved": "https://registry.npmjs.org/vscode-jsonrpc/-/vscode-jsonrpc-9.0.0.tgz",
			"integrity": "sha512-+VvMmQPJhtvJ+8O+zu2JKIRiLxXF8NW7krWgyMGeOHrp4Cn23T5hc0v2LknNeopDOB70wghHAds7mKtcZ0I4Sg==",
			"license": "MIT",
			"engines": {
				"node": ">=14.0.0"
			}
		},
		"node_modules/vscode-languageserver": {
			"version": "10.0.1",
			"resolved": "https://registry.npmjs.org/vscode-languageserver/-/vscode-languageserver-10.0.1.tgz",
			"integrity": "sha512-hfERoZvpaHWzQa7t5mMIrHkEOhF7aTs1dpktem0TW/Xs4QZD7NtcHjIq/aE1CZJEj6Rb8LSGUkBhvTRDdpyGig==",
			"license": "MIT",
			"dependencies": {
				"vscode-languageserver-protocol": "3.18.1"
			},
			"bin": {
				"installServerIntoExtension": "bin/installServerIntoExtension"
			}
		},
		"node_modules/vscode-languageserver-protocol": {
			"version": "3.18.1",
			"resolved": "https://registry.npmjs.org/vscode-languageserver-protocol/-/vscode-languageserver-protocol-3.18.1.tgz",
			"integrity": "sha512-RTiiVHdpxpYcJVI5sq6S5TLjQ4WDR/rBrIWru+kPXe6sGQ9PFQ3GamrTKLvPqbR4ylr1SoodhmcqbFII0WXVuw==",
			"license": "MIT",
			"dependencies": {
				"vscode-jsonrpc": "9.0.0",
				"vscode-languageserver-types": "3.18.0"
			}
		},
		"node_modules/vscode-languageserver-textdocument": {
			"version": "1.0.13",
			"resolved": "https://registry.npmjs.org/vscode-languageserver-textdocument/-/vscode-languageserver-textdocument-1.0.13.tgz",
			"integrity": "sha512-nx0ZHwMGIsVkzFG3/VLeJYBLTaFBRuNdGDvevvjuoayU5EOS2fEYazOhtCM3PI9ClMMg5igc0uwXtAq4tJj+Dw==",
			"license": "MIT"
		},
		"node_modules/vscode-languageserver-types": {
			"version": "3.18.0",
			"resolved": "https://registry.npmjs.org/vscode-languageserver-types/-/vscode-languageserver-types-3.18.0.tgz",
			"integrity": "sha512-8TsGPNMIMiiBdkORgRSvLjuiEIiAFtO+KssmYWxQ+uSVvlf7RjK8YKCOjPzZ+YA04jXEV7+7LvkSmHkhpNS99g==",
			"license": "MIT"
		},
		"node_modules/vscode-uri": {
			"version": "3.1.0",
			"resolved": "https://registry.npmjs.org/vscode-uri/-/vscode-uri-3.1.0.tgz",
			"integrity": "sha512-/BpdSx+yCQGnCvecbyXdxHDkuk55/G3xwnC0GqY4gmQ3j+A+g8kzzgB4Nk/SINjqn6+waqw3EgbVF2QKExkRxQ==",
			"license": "MIT"
		}
	}
}
