{
	"name": "rcasm-lsp-server",
	"version": "1.0.0",
	"lockfileVersion": 3,
	"requires": true,
	"packages": {
		"": {
			"name": "rcasm-lsp-server",
			"version": "1.0.0",
			"license": "MIT",
			"dependencies": {
				"@paul80nd/rcasm": "1.21.0",
				"vscode-languageserver": "^10.1.0",
				"vscode-languageserver-textdocument": "^1.0.13",
				"vscode-uri": "^3.2.0"
			},
			"engines": {
				"node": ">=20"
			}
		},
		"node_modules/@paul80nd/rcasm": {
			"version": "1.21.0",
			"resolved": "https://npm.pkg.github.com/download/@paul80nd/rcasm/1.21.0/1d8b1be1d0dc24d2f1933477b9811ead9e79f9a3",
			"integrity": "sha512-y/HU+1vlDJB93mUR6PmJ8TwQAM0zFWuFqww3fpAJcbuWnIKzAROrjyp3YVfzgkIlJhWt1N01jnan4lnN6MZZlg==",
			"license": "MIT",
			"dependencies": {
				"typedfastbitset": "^0.8.0"
			},
			"engines": {
				"node": ">=24"
			}
		},
		"node_modules/typedfastbitset": {
			"version": "0.8.0",
			"resolved": "https://registry.npmjs.org/typedfastbitset/-/typedfastbitset-0.8.0.tgz",
			"integrity": "sha512-GLGi9mkz4iQEzfujD6qFeu2G5HlPyevAPQfyo48zGDsF7BATg9HEcXqIwZg/HbM7RTN/96SppVGk3DtSFumo4w==",
			"license": "Apache-2.0"
		},
		"node_modules/vscode-jsonrpc": {
			"version": "9.0.1",
			"resolved": "https://registry.npmjs.org/vscode-jsonrpc/-/vscode-jsonrpc-9.0.1.tgz",
			"integrity": "sha512-rfuA6T75H6m5EkbhtEPzre9pT0HPcDI2MMy4+nPFIBks5J8JBAUHD4tRYSgaBOijIEC7SRkC1kKyXTLqbmh9jw==",
			"license": "MIT",
			"engines": {
				"node": ">=14.0.0"
			}
		},
		"node_modules/vscode-languageserver": {
			"version": "10.1.0",
			"resolved": "https://registry.npmjs.org/vscode-languageserver/-/vscode-languageserver-10.1.0.tgz",
			"integrity": "sha512-9gEWpXkYGXoqG7pBnE8O8hx/yP7+Aabn4+peQ3KDicQv6qunHSWyLTud3OF0w4S2+HfDD+5HqYKiXQW9HAU6mA==",
			"license": "MIT",
			"dependencies": {
				"vscode-languageserver-protocol": "3.18.2"
			},
			"bin": {
				"installServerIntoExtension": "bin/installServerIntoExtension"
			}
		},
		"node_modules/vscode-languageserver-protocol": {
			"version": "3.18.2",
			"resolved": "https://registry.npmjs.org/vscode-languageserver-protocol/-/vscode-languageserver-protocol-3.18.2.tgz",
			"integrity": "sha512-XRyDbT0Pp3sSNti3JmxVEUMySWCSi1hhM+/KUlCy1hV1zmrqpM1OwO12EAki8blhmLuIMpaJrYbo0OzGVfK2Qg==",
			"license": "MIT",
			"dependencies": {
				"vscode-jsonrpc": "9.0.1",
				"vscode-languageserver-types": "3.18.0"
			}
		},
		"node_modules/vscode-languageserver-textdocument": {
			"version": "1.0.13",
			"resolved": "https://registry.npmjs.org/vscode-languageserver-textdocument/-/vscode-languageserver-textdocument-1.0.13.tgz",
			"integrity": "sha512-nx0ZHwMGIsVkzFG3/VLeJYBLTaFBRuNdGDvevvjuoayU5EOS2fEYazOhtCM3PI9ClMMg5igc0uwXtAq4tJj+Dw==",
			"license": "MIT"
		},
		"node_modules/vscode-languageserver-types": {
			"version": "3.18.0",
			"resolved": "https://registry.npmjs.org/vscode-languageserver-types/-/vscode-languageserver-types-3.18.0.tgz",
			"integrity": "sha512-8TsGPNMIMiiBdkORgRSvLjuiEIiAFtO+KssmYWxQ+uSVvlf7RjK8YKCOjPzZ+YA04jXEV7+7LvkSmHkhpNS99g==",
			"license": "MIT"
		},
		"node_modules/vscode-uri": {
			"version": "3.2.0",
			"resolved": "https://registry.npmjs.org/vscode-uri/-/vscode-uri-3.2.0.tgz",
			"integrity": "sha512-m2gXo3bn0G1kT9InzMf07fTbqMbGtyckj3bH5ktLO+1Ssv+yiATZ4dhwaQv9UZWxJh6E9IFGnQyjgWVDWVBDrg==",
			"license": "MIT"
		}
	}
}
